
Microsoft Visual Studio Solution File, Format Version 12.00
# Visual Studio Version 17
VisualStudioVersion = 17.2.32616.157
MinimumVisualStudioVersion = 10.0.40219.1
Project("{9A19103F-16F7-4668-BE54-9A1E7A4F7556}") = "FullStackAssignemntT", "FullStackAssignemntT\FullStackAssignemntT.csproj", "{7D38AD08-4345-4AAE-AAC7-584DCCDE91C5}"
EndProject
Project("{FAE04EC0-301F-11D3-BF4B-00C04F79EFBC}") = "Assignment.Utility", "Assignment.Utility\Assignment.Utility.csproj", "{2EA6A156-F01C-477F-A96B-3D697F2390E1}"
EndProject
Global
	GlobalSection(SolutionConfigurationPlatforms) = preSolution
		Debug|Any CPU = Debug|Any CPU
		Release|Any CPU = Release|Any CPU
	EndGlobalSection
	GlobalSection(ProjectConfigurationPlatforms) = postSolution
		{7D38AD08-4345-4AAE-AAC7-584DCCDE91C5}.Debug|Any CPU.ActiveCfg = Debug|Any CPU
		{7D38AD08-4345-4AAE-AAC7-584DCCDE91C5}.Debug|Any CPU.Build.0 = Debug|Any CPU
		{7D38AD08-4345-4AAE-AAC7-584DCCDE91C5}.Release|Any CPU.ActiveCfg = Release|Any CPU
		{7D38AD08-4345-4AAE-AAC7-584DCCDE91C5}.Release|Any CPU.Build.0 = Release|Any CPU
		{2EA6A156-F01C-477F-A96B-3D697F2390E1}.Debug|Any CPU.ActiveCfg = Debug|Any CPU
		{2EA6A156-F01C-477F-A96B-3D697F2390E1}.Debug|Any CPU.Build.0 = Debug|Any CPU
		{2EA6A156-F01C-477F-A96B-3D697F2390E1}.Release|Any CPU.ActiveCfg = Release|Any CPU
		{2EA6A156-F01C-477F-A96B-3D697F2390E1}.Release|Any CPU.Build.0 = Release|Any CPU
	EndGlobalSection
	GlobalSection(SolutionProperties) = preSolution
		HideSolutionNode = FALSE
	EndGlobalSection
	GlobalSection(ExtensibilityGlobals) = postSolution
		SolutionGuid = {64709EF3-6D22-465C-A9D6-AC62F613C7BB}
	EndGlobalSection
EndGlobal
